
Microsoft Visual Studio Solution File, Format Version 12.00
# Visual Studio Version 16
VisualStudioVersion = 16.0.30128.74
MinimumVisualStudioVersion = 10.0.40219.1
Project("{FAE04EC0-301F-11D3-BF4B-00C04F79EFBC}") = "soundcloud pic downloader", "soundcloud pic downloader\soundcloud pic downloader.csproj", "{7FA39AD5-7E20-4921-88A3-8BF38AEA604A}"
EndProject
Global
	GlobalSection(SolutionConfigurationPlatforms) = preSolution
		Debug|Any CPU = Debug|Any CPU
		Release|Any CPU = Release|Any CPU
	EndGlobalSection
	GlobalSection(ProjectConfigurationPlatforms) = postSolution
		{7FA39AD5-7E20-4921-88A3-8BF38AEA604A}.Debug|Any CPU.ActiveCfg = Debug|Any CPU
		{7FA39AD5-7E20-4921-88A3-8BF38AEA604A}.Debug|Any CPU.Build.0 = Debug|Any CPU
		{7FA39AD5-7E20-4921-88A3-8BF38AEA604A}.Release|Any CPU.ActiveCfg = Release|Any CPU
		{7FA39AD5-7E20-4921-88A3-8BF38AEA604A}.Release|Any CPU.Build.0 = Release|Any CPU
	EndGlobalSection
	GlobalSection(SolutionProperties) = preSolution
		HideSolutionNode = FALSE
	EndGlobalSection
	GlobalSection(ExtensibilityGlobals) = postSolution
		SolutionGuid = {89E4E410-3242-4CF1-8F8F-A469C197D361}
	EndGlobalSection
EndGlobal
